Microsoft Visual Studio Solution File, Format Version 12.00
# Visual Studio Version 17
VisualStudioVersion = 17.10.35027.167
MinimumVisualStudioVersion = 10.0.40219.1
Project("{9A19103F-16F7-4668-BE54-9A1E7A4F7556}") = "NWN Toolset", "NWN Toolset\NWN Toolset.csproj", "{D7D5DB54-9F5F-46F1-887C-5FCA4FAE4A1B}"
EndProject
Project("{2150E333-8FDC-42A3-9474-1A3956D46DE8}") = "Documents", "Documents", "{ACA2AB3F-6093-4871-9C09-E6D02F2E48DD}"
EndProject
Project("{2150E333-8FDC-42A3-9474-1A3956D46DE8}") = "GFF", "GFF", "{B9A99DE4-409A-4445-8F87-CE8E1E35B2D8}"
	ProjectSection(SolutionItems) = preProject
		GFF\warham_crusher20.uti = GFF\warham_crusher20.uti
	EndProjectSection
EndProject
Global
	GlobalSection(SolutionConfigurationPlatforms) = preSolution
		Debug|Any CPU = Debug|Any CPU
		Release|Any CPU = Release|Any CPU
	EndGlobalSection
	GlobalSection(ProjectConfigurationPlatforms) = postSolution
		{D7D5DB54-9F5F-46F1-887C-5FCA4FAE4A1B}.Debug|Any CPU.ActiveCfg = Debug|Any CPU
		{D7D5DB54-9F5F-46F1-887C-5FCA4FAE4A1B}.Debug|Any CPU.Build.0 = Debug|Any CPU
		{D7D5DB54-9F5F-46F1-887C-5FCA4FAE4A1B}.Release|Any CPU.ActiveCfg = Release|Any CPU
		{D7D5DB54-9F5F-46F1-887C-5FCA4FAE4A1B}.Release|Any CPU.Build.0 = Release|Any CPU
	EndGlobalSection
	GlobalSection(SolutionProperties) = preSolution
		HideSolutionNode = FALSE
	EndGlobalSection
	GlobalSection(NestedProjects) = preSolution
		{B9A99DE4-409A-4445-8F87-CE8E1E35B2D8} = {ACA2AB3F-6093-4871-9C09-E6D02F2E48DD}
	EndGlobalSection
	GlobalSection(ExtensibilityGlobals) = postSolution
		SolutionGuid = {EABADD7F-00D8-4970-A99C-1EC988FC82E2}
	EndGlobalSection
EndGlobal
